
Microsoft Visual Studio Solution File, Format Version 12.00
# Visual Studio Version 16
VisualStudioVersion = 16.0.30204.135
MinimumVisualStudioVersion = 10.0.40219.1
Project("{FAE04EC0-301F-11D3-BF4B-00C04F79EFBC}") = "coreEmptyIs4", "coreEmptyIs4.csproj", "{347D2653-0AB0-4AFD-B9BF-C731158C0E14}"
EndProject
Global
	GlobalSection(SolutionConfigurationPlatforms) = preSolution
		Debug|Any CPU = Debug|Any CPU
		Release|Any CPU = Release|Any CPU
	EndGlobalSection
	GlobalSection(ProjectConfigurationPlatforms) = postSolution
		{347D2653-0AB0-4AFD-B9BF-C731158C0E14}.Debug|Any CPU.ActiveCfg = Debug|Any CPU
		{347D2653-0AB0-4AFD-B9BF-C731158C0E14}.Debug|Any CPU.Build.0 = Debug|Any CPU
		{347D2653-0AB0-4AFD-B9BF-C731158C0E14}.Release|Any CPU.ActiveCfg = Release|Any CPU
		{347D2653-0AB0-4AFD-B9BF-C731158C0E14}.Release|Any CPU.Build.0 = Release|Any CPU
	EndGlobalSection
	GlobalSection(SolutionProperties) = preSolution
		HideSolutionNode = FALSE
	EndGlobalSection
	GlobalSection(ExtensibilityGlobals) = postSolution
		SolutionGuid = {BC104671-C63E-421C-AD4C-D47BA147EAF7}
	EndGlobalSection
EndGlobal
